
Microsoft Visual Studio Solution File, Format Version 12.00
# Visual Studio 15
VisualStudioVersion = 15.0.26730.10
MinimumVisualStudioVersion = 10.0.40219.1
Project("{FAE04EC0-301F-11D3-BF4B-00C04F79EFBC}") = "FruitWarGame.Models", "FruitWarGame.Models\FruitWarGame.Models.csproj", "{23B12B45-5F1B-42F0-8532-EED59C8ADC81}"
EndProject
Project("{FAE04EC0-301F-11D3-BF4B-00C04F79EFBC}") = "FruitWarGame.Common", "FruitWarGame.Common\FruitWarGame.Common.csproj", "{9A7229B8-B2ED-4422-B12E-19D14EC4C72F}"
EndProject
Project("{FAE04EC0-301F-11D3-BF4B-00C04F79EFBC}") = "FruitWarGame.ConsoleUI", "FruitWarGame.ConsoleUI\FruitWarGame.ConsoleUI.csproj", "{5BA16080-879C-4105-8ADF-4771D80AA65A}"
EndProject
Project("{FAE04EC0-301F-11D3-BF4B-00C04F79EFBC}") = "FruitWarGame.Data", "FruitWarGame.Data\FruitWarGame.Data.csproj", "{0F6C8B33-7DB7-4F30-9A87-A53C0BF6A841}"
EndProject
Project("{FAE04EC0-301F-11D3-BF4B-00C04F79EFBC}") = "FruitWarGame.Logic", "FruitWarGame.Logic\FruitWarGame.Logic.csproj", "{52ED80F0-3E35-4D3E-AF4A-4CBA3F7BED69}"
EndProject
Global
	GlobalSection(SolutionConfigurationPlatforms) = preSolution
		Debug|Any CPU = Debug|Any CPU
		Release|Any CPU = Release|Any CPU
	EndGlobalSection
	GlobalSection(ProjectConfigurationPlatforms) = postSolution
		{23B12B45-5F1B-42F0-8532-EED59C8ADC81}.Debug|Any CPU.ActiveCfg = Debug|Any CPU
		{23B12B45-5F1B-42F0-8532-EED59C8ADC81}.Debug|Any CPU.Build.0 = Debug|Any CPU
		{23B12B45-5F1B-42F0-8532-EED59C8ADC81}.Release|Any CPU.ActiveCfg = Release|Any CPU
		{23B12B45-5F1B-42F0-8532-EED59C8ADC81}.Release|Any CPU.Build.0 = Release|Any CPU
		{9A7229B8-B2ED-4422-B12E-19D14EC4C72F}.Debug|Any CPU.ActiveCfg = Debug|Any CPU
		{9A7229B8-B2ED-4422-B12E-19D14EC4C72F}.Debug|Any CPU.Build.0 = Debug|Any CPU
		{9A7229B8-B2ED-4422-B12E-19D14EC4C72F}.Release|Any CPU.ActiveCfg = Release|Any CPU
		{9A7229B8-B2ED-4422-B12E-19D14EC4C72F}.Release|Any CPU.Build.0 = Release|Any CPU
		{5BA16080-879C-4105-8ADF-4771D80AA65A}.Debug|Any CPU.ActiveCfg = Debug|Any CPU
		{5BA16080-879C-4105-8ADF-4771D80AA65A}.Debug|Any CPU.Build.0 = Debug|Any CPU
		{5BA16080-879C-4105-8ADF-4771D80AA65A}.Release|Any CPU.ActiveCfg = Release|Any CPU
		{5BA16080-879C-4105-8ADF-4771D80AA65A}.Release|Any CPU.Build.0 = Release|Any CPU
		{0F6C8B33-7DB7-4F30-9A87-A53C0BF6A841}.Debug|Any CPU.ActiveCfg = Debug|Any CPU
		{0F6C8B33-7DB7-4F30-9A87-A53C0BF6A841}.Debug|Any CPU.Build.0 = Debug|Any CPU
		{0F6C8B33-7DB7-4F30-9A87-A53C0BF6A841}.Release|Any CPU.ActiveCfg = Release|Any CPU
		{0F6C8B33-7DB7-4F30-9A87-A53C0BF6A841}.Release|Any CPU.Build.0 = Release|Any CPU
		{52ED80F0-3E35-4D3E-AF4A-4CBA3F7BED69}.Debug|Any CPU.ActiveCfg = Debug|Any CPU
		{52ED80F0-3E35-4D3E-AF4A-4CBA3F7BED69}.Debug|Any CPU.Build.0 = Debug|Any CPU
		{52ED80F0-3E35-4D3E-AF4A-4CBA3F7BED69}.Release|Any CPU.ActiveCfg = Release|Any CPU
		{52ED80F0-3E35-4D3E-AF4A-4CBA3F7BED69}.Release|Any CPU.Build.0 = Release|Any CPU
	EndGlobalSection
	GlobalSection(SolutionProperties) = preSolution
		HideSolutionNode = FALSE
	EndGlobalSection
	GlobalSection(ExtensibilityGlobals) = postSolution
		SolutionGuid = {24F8AE6D-0A95-4E30-A745-0AE258D5E659}
	EndGlobalSection
EndGlobal
